Microsoft Visual Studio Solution File, Format Version 11.00
# Visual Studio 2008

Project("{683AA956-1CFE-5618-D140-710D10917697}") = "Projet", "Assembly-CSharp.csproj", "{A1492ECC-4757-24D7-E471-B00BDE1ABBEC}"
EndProject
Project("{683AA956-1CFE-5618-D140-710D10917697}") = "Projet", "Assembly-CSharp-Editor.csproj", "{20FA98D9-CD88-20CA-1518-A0D3636CCC14}"
EndProject
Global
	GlobalSection(SolutionConfigurationPlatforms) = preSolution
		Debug|Any CPU = Debug|Any CPU
		Release|Any CPU = Release|Any CPU
	EndGlobalSection
	GlobalSection(ProjectConfigurationPlatforms) = postSolution
		{A1492ECC-4757-24D7-E471-B00BDE1ABBEC}.Debug|Any CPU.ActiveCfg = Debug|Any CPU
		{A1492ECC-4757-24D7-E471-B00BDE1ABBEC}.Debug|Any CPU.Build.0 = Debug|Any CPU
		{A1492ECC-4757-24D7-E471-B00BDE1ABBEC}.Release|Any CPU.ActiveCfg = Release|Any CPU
		{A1492ECC-4757-24D7-E471-B00BDE1ABBEC}.Release|Any CPU.Build.0 = Release|Any CPU
		{20FA98D9-CD88-20CA-1518-A0D3636CCC14}.Debug|Any CPU.ActiveCfg = Debug|Any CPU
		{20FA98D9-CD88-20CA-1518-A0D3636CCC14}.Debug|Any CPU.Build.0 = Debug|Any CPU
		{20FA98D9-CD88-20CA-1518-A0D3636CCC14}.Release|Any CPU.ActiveCfg = Release|Any CPU
		{20FA98D9-CD88-20CA-1518-A0D3636CCC14}.Release|Any CPU.Build.0 = Release|Any CPU
	EndGlobalSection
	GlobalSection(SolutionProperties) = preSolution
		HideSolutionNode = FALSE
	EndGlobalSection
																					GlobalSection(MonoDevelopProperties) = preSolution
=======
							GlobalSection(MonoDevelopProperties) = preSolution
=======
									GlobalSection(MonoDevelopProperties) = preSolution
>>>>>>> f14642936dea76115eb41afb1d7aaca65beda114
>>>>>>> 556decf951da6fb905e22af1dc2f893f628378d2
		StartupItem = Assembly-CSharp.csproj
		Policies = $0
		$0.TextStylePolicy = $1
		$1.inheritsSet = null
		$1.scope = text/x-csharp
		$0.CSharpFormattingPolicy = $2
		$2.inheritsSet = Mono
		$2.inheritsScope = text/x-csharp
		$2.scope = text/x-csharp
		$0.TextStylePolicy = $3
		$3.FileWidth = 120
		$3.TabWidth = 4
		$3.EolMarker = Unix
		$3.inheritsSet = Mono
		$3.inheritsScope = text/plain
		$3.scope = text/plain
	EndGlobalSection

EndGlobal
